
Microsoft Visual Studio Solution File, Format Version 12.00
# Visual Studio Version 16
VisualStudioVersion = 16.0.30114.105
MinimumVisualStudioVersion = 10.0.40219.1
Project("{2150E333-8FDC-42A3-9474-1A3956D46DE8}") = "Customer.Api", "Customer.Api", "{E76E64BE-F55C-4225-AD50-B85894D96A35}"
EndProject
Project("{9A19103F-16F7-4668-BE54-9A1E7A4F7556}") = "Customer.Api", "Customer.Api\Customer.Api\Customer.Api.csproj", "{CC3B6967-3516-4AE4-A3CF-6236A790D6A2}"
EndProject
Project("{2150E333-8FDC-42A3-9474-1A3956D46DE8}") = "Order.Api", "Order.Api", "{D421B6B8-9114-49FB-8661-A2ADDF2BB72A}"
EndProject
Project("{9A19103F-16F7-4668-BE54-9A1E7A4F7556}") = "Order.Api", "Order.Api\Order.Api\Order.Api.csproj", "{A5D3284C-BB44-4690-93A0-581CD2C9B80F}"
EndProject
Project("{9A19103F-16F7-4668-BE54-9A1E7A4F7556}") = "Customer.Services", "Customer.Api\Customer.Services\Customer.Services.csproj", "{66031CDB-7075-49AC-9998-E7A8F11647D5}"
EndProject
Project("{9A19103F-16F7-4668-BE54-9A1E7A4F7556}") = "Order.Domain", "Order.Api\Order.Domain\Order.Domain.csproj", "{F0160071-8C31-4B06-A983-3CC66AAADECA}"
EndProject
Project("{9A19103F-16F7-4668-BE54-9A1E7A4F7556}") = "Order.Data", "Order.Api\Order.Data\Order.Data.csproj", "{62E0952A-3602-43EA-AADE-A18A40249F33}"
EndProject
Project("{9A19103F-16F7-4668-BE54-9A1E7A4F7556}") = "Order.Services", "Order.Api\Order.Services\Order.Services.csproj", "{659C79B2-68B1-40CC-B0EE-CBD49EFCF96B}"
EndProject
Project("{9A19103F-16F7-4668-BE54-9A1E7A4F7556}") = "Customer.Data", "Customer.Api\Customer.Data\Customer.Data.csproj", "{83693425-186A-4C7F-BD8F-09A1D4CB9D16}"
EndProject
Project("{9A19103F-16F7-4668-BE54-9A1E7A4F7556}") = "Customer.Domain", "Customer.Api\Customer.Domain\Customer.Domain.csproj", "{7D97CCE5-BD13-43D2-A268-8073C0C6EEF4}"
EndProject
Project("{E53339B2-1760-4266-BCC7-CA923CBCF16C}") = "docker-compose", "docker-compose.dcproj", "{6EE4CBE3-29F1-4BD6-A079-012007ABFB04}"
EndProject
Project("{2150E333-8FDC-42A3-9474-1A3956D46DE8}") = "terraform", "terraform", "{88700B59-8C01-4F65-A5EA-5D4F49A6ECE5}"
	ProjectSection(SolutionItems) = preProject
		main.tf = main.tf
	EndProjectSection
EndProject
Project("{2150E333-8FDC-42A3-9474-1A3956D46DE8}") = "azurepipelines", "azurepipelines", "{2CC4A57B-6B36-4DD4-9D1D-6FFAD9888F06}"
	ProjectSection(SolutionItems) = preProject
		azure-pipelines.yml = azure-pipelines.yml
	EndProjectSection
EndProject
Project("{2150E333-8FDC-42A3-9474-1A3956D46DE8}") = "manifests", "manifests", "{FC69ECA8-3FD7-4B3A-BE24-111020BD5E7E}"
	ProjectSection(SolutionItems) = preProject
		manifests\deployment.yml = manifests\deployment.yml
		manifests\service.yml = manifests\service.yml
	EndProjectSection
EndProject
Project("{2150E333-8FDC-42A3-9474-1A3956D46DE8}") = "Product.Api", "Product.Api", "{6F1E30CC-E8AF-41E7-B281-3346D52CCA0F}"
EndProject
Project("{9A19103F-16F7-4668-BE54-9A1E7A4F7556}") = "Product.Api", "Product.Api\Product.Api\Product.Api.csproj", "{123D51E5-B23C-4B2A-BF4F-D0B5883C55C2}"
EndProject
Project("{9A19103F-16F7-4668-BE54-9A1E7A4F7556}") = "Product.Data", "Product.Api\Product.Data\Product.Data.csproj", "{2E0E96AA-2E26-4567-8129-AC7FE5589F18}"
EndProject
Project("{9A19103F-16F7-4668-BE54-9A1E7A4F7556}") = "Product.Domain", "Product.Api\Product.Domain\Product.Domain.csproj", "{4667FEED-04FC-433A-B48C-98D2C175B888}"
EndProject
Project("{9A19103F-16F7-4668-BE54-9A1E7A4F7556}") = "Product.Services", "Product.Api\Product.Services\Product.Services.csproj", "{75BA2D7F-61ED-4874-9FB6-B9E1905A2729}"
EndProject
Project("{2150E333-8FDC-42A3-9474-1A3956D46DE8}") = "mongo", "mongo", "{2F509588-7813-4089-B6E3-BB85EB343469}"
	ProjectSection(SolutionItems) = preProject
		mongo\Dockerfile = mongo\Dockerfile
		mongo\init.json = mongo\init.json
	EndProjectSection
EndProject
Global
	GlobalSection(SolutionConfigurationPlatforms) = preSolution
		Debug|Any CPU = Debug|Any CPU
		Debug|x64 = Debug|x64
		Debug|x86 = Debug|x86
		Release|Any CPU = Release|Any CPU
		Release|x64 = Release|x64
		Release|x86 = Release|x86
	EndGlobalSection
	GlobalSection(ProjectConfigurationPlatforms) = postSolution
		{CC3B6967-3516-4AE4-A3CF-6236A790D6A2}.Debug|Any CPU.ActiveCfg = Debug|Any CPU
		{CC3B6967-3516-4AE4-A3CF-6236A790D6A2}.Debug|Any CPU.Build.0 = Debug|Any CPU
		{CC3B6967-3516-4AE4-A3CF-6236A790D6A2}.Debug|x64.ActiveCfg = Debug|Any CPU
		{CC3B6967-3516-4AE4-A3CF-6236A790D6A2}.Debug|x64.Build.0 = Debug|Any CPU
		{CC3B6967-3516-4AE4-A3CF-6236A790D6A2}.Debug|x86.ActiveCfg = Debug|Any CPU
		{CC3B6967-3516-4AE4-A3CF-6236A790D6A2}.Debug|x86.Build.0 = Debug|Any CPU
		{CC3B6967-3516-4AE4-A3CF-6236A790D6A2}.Release|Any CPU.ActiveCfg = Release|Any CPU
		{CC3B6967-3516-4AE4-A3CF-6236A790D6A2}.Release|Any CPU.Build.0 = Release|Any CPU
		{CC3B6967-3516-4AE4-A3CF-6236A790D6A2}.Release|x64.ActiveCfg = Release|Any CPU
		{CC3B6967-3516-4AE4-A3CF-6236A790D6A2}.Release|x64.Build.0 = Release|Any CPU
		{CC3B6967-3516-4AE4-A3CF-6236A790D6A2}.Release|x86.ActiveCfg = Release|Any CPU
		{CC3B6967-3516-4AE4-A3CF-6236A790D6A2}.Release|x86.Build.0 = Release|Any CPU
		{A5D3284C-BB44-4690-93A0-581CD2C9B80F}.Debug|Any CPU.ActiveCfg = Debug|Any CPU
		{A5D3284C-BB44-4690-93A0-581CD2C9B80F}.Debug|Any CPU.Build.0 = Debug|Any CPU
		{A5D3284C-BB44-4690-93A0-581CD2C9B80F}.Debug|x64.ActiveCfg = Debug|Any CPU
		{A5D3284C-BB44-4690-93A0-581CD2C9B80F}.Debug|x64.Build.0 = Debug|Any CPU
		{A5D3284C-BB44-4690-93A0-581CD2C9B80F}.Debug|x86.ActiveCfg = Debug|Any CPU
		{A5D3284C-BB44-4690-93A0-581CD2C9B80F}.Debug|x86.Build.0 = Debug|Any CPU
		{A5D3284C-BB44-4690-93A0-581CD2C9B80F}.Release|Any CPU.ActiveCfg = Release|Any CPU
		{A5D3284C-BB44-4690-93A0-581CD2C9B80F}.Release|Any CPU.Build.0 = Release|Any CPU
		{A5D3284C-BB44-4690-93A0-581CD2C9B80F}.Release|x64.ActiveCfg = Release|Any CPU
		{A5D3284C-BB44-4690-93A0-581CD2C9B80F}.Release|x64.Build.0 = Release|Any CPU
		{A5D3284C-BB44-4690-93A0-581CD2C9B80F}.Release|x86.ActiveCfg = Release|Any CPU
		{A5D3284C-BB44-4690-93A0-581CD2C9B80F}.Release|x86.Build.0 = Release|Any CPU
		{66031CDB-7075-49AC-9998-E7A8F11647D5}.Debug|Any CPU.ActiveCfg = Debug|Any CPU
		{66031CDB-7075-49AC-9998-E7A8F11647D5}.Debug|Any CPU.Build.0 = Debug|Any CPU
		{66031CDB-7075-49AC-9998-E7A8F11647D5}.Debug|x64.ActiveCfg = Debug|Any CPU
		{66031CDB-7075-49AC-9998-E7A8F11647D5}.Debug|x64.Build.0 = Debug|Any CPU
		{66031CDB-7075-49AC-9998-E7A8F11647D5}.Debug|x86.ActiveCfg = Debug|Any CPU
		{66031CDB-7075-49AC-9998-E7A8F11647D5}.Debug|x86.Build.0 = Debug|Any CPU
		{66031CDB-7075-49AC-9998-E7A8F11647D5}.Release|Any CPU.ActiveCfg = Release|Any CPU
		{66031CDB-7075-49AC-9998-E7A8F11647D5}.Release|Any CPU.Build.0 = Release|Any CPU
		{66031CDB-7075-49AC-9998-E7A8F11647D5}.Release|x64.ActiveCfg = Release|Any CPU
		{66031CDB-7075-49AC-9998-E7A8F11647D5}.Release|x64.Build.0 = Release|Any CPU
		{66031CDB-7075-49AC-9998-E7A8F11647D5}.Release|x86.ActiveCfg = Release|Any CPU
		{66031CDB-7075-49AC-9998-E7A8F11647D5}.Release|x86.Build.0 = Release|Any CPU
		{F0160071-8C31-4B06-A983-3CC66AAADECA}.Debug|Any CPU.ActiveCfg = Debug|Any CPU
		{F0160071-8C31-4B06-A983-3CC66AAADECA}.Debug|Any CPU.Build.0 = Debug|Any CPU
		{F0160071-8C31-4B06-A983-3CC66AAADECA}.Debug|x64.ActiveCfg = Debug|Any CPU
		{F0160071-8C31-4B06-A983-3CC66AAADECA}.Debug|x64.Build.0 = Debug|Any CPU
		{F0160071-8C31-4B06-A983-3CC66AAADECA}.Debug|x86.ActiveCfg = Debug|Any CPU
		{F0160071-8C31-4B06-A983-3CC66AAADECA}.Debug|x86.Build.0 = Debug|Any CPU
		{F0160071-8C31-4B06-A983-3CC66AAADECA}.Release|Any CPU.ActiveCfg = Release|Any CPU
		{F0160071-8C31-4B06-A983-3CC66AAADECA}.Release|Any CPU.Build.0 = Release|Any CPU
		{F0160071-8C31-4B06-A983-3CC66AAADECA}.Release|x64.ActiveCfg = Release|Any CPU
		{F0160071-8C31-4B06-A983-3CC66AAADECA}.Release|x64.Build.0 = Release|Any CPU
		{F0160071-8C31-4B06-A983-3CC66AAADECA}.Release|x86.ActiveCfg = Release|Any CPU
		{F0160071-8C31-4B06-A983-3CC66AAADECA}.Release|x86.Build.0 = Release|Any CPU
		{62E0952A-3602-43EA-AADE-A18A40249F33}.Debug|Any CPU.ActiveCfg = Debug|Any CPU
		{62E0952A-3602-43EA-AADE-A18A40249F33}.Debug|Any CPU.Build.0 = Debug|Any CPU
		{62E0952A-3602-43EA-AADE-A18A40249F33}.Debug|x64.ActiveCfg = Debug|Any CPU
		{62E0952A-3602-43EA-AADE-A18A40249F33}.Debug|x64.Build.0 = Debug|Any CPU
		{62E0952A-3602-43EA-AADE-A18A40249F33}.Debug|x86.ActiveCfg = Debug|Any CPU
		{62E0952A-3602-43EA-AADE-A18A40249F33}.Debug|x86.Build.0 = Debug|Any CPU
		{62E0952A-3602-43EA-AADE-A18A40249F33}.Release|Any CPU.ActiveCfg = Release|Any CPU
		{62E0952A-3602-43EA-AADE-A18A40249F33}.Release|Any CPU.Build.0 = Release|Any CPU
		{62E0952A-3602-43EA-AADE-A18A40249F33}.Release|x64.ActiveCfg = Release|Any CPU
		{62E0952A-3602-43EA-AADE-A18A40249F33}.Release|x64.Build.0 = Release|Any CPU
		{62E0952A-3602-43EA-AADE-A18A40249F33}.Release|x86.ActiveCfg = Release|Any CPU
		{62E0952A-3602-43EA-AADE-A18A40249F33}.Release|x86.Build.0 = Release|Any CPU
		{659C79B2-68B1-40CC-B0EE-CBD49EFCF96B}.Debug|Any CPU.ActiveCfg = Debug|Any CPU
		{659C79B2-68B1-40CC-B0EE-CBD49EFCF96B}.Debug|Any CPU.Build.0 = Debug|Any CPU
		{659C79B2-68B1-40CC-B0EE-CBD49EFCF96B}.Debug|x64.ActiveCfg = Debug|Any CPU
		{659C79B2-68B1-40CC-B0EE-CBD49EFCF96B}.Debug|x64.Build.0 = Debug|Any CPU
		{659C79B2-68B1-40CC-B0EE-CBD49EFCF96B}.Debug|x86.ActiveCfg = Debug|Any CPU
		{659C79B2-68B1-40CC-B0EE-CBD49EFCF96B}.Debug|x86.Build.0 = Debug|Any CPU
		{659C79B2-68B1-40CC-B0EE-CBD49EFCF96B}.Release|Any CPU.ActiveCfg = Release|Any CPU
		{659C79B2-68B1-40CC-B0EE-CBD49EFCF96B}.Release|Any CPU.Build.0 = Release|Any CPU
		{659C79B2-68B1-40CC-B0EE-CBD49EFCF96B}.Release|x64.ActiveCfg = Release|Any CPU
		{659C79B2-68B1-40CC-B0EE-CBD49EFCF96B}.Release|x64.Build.0 = Release|Any CPU
		{659C79B2-68B1-40CC-B0EE-CBD49EFCF96B}.Release|x86.ActiveCfg = Release|Any CPU
		{659C79B2-68B1-40CC-B0EE-CBD49EFCF96B}.Release|x86.Build.0 = Release|Any CPU
		{83693425-186A-4C7F-BD8F-09A1D4CB9D16}.Debug|Any CPU.ActiveCfg = Debug|Any CPU
		{83693425-186A-4C7F-BD8F-09A1D4CB9D16}.Debug|Any CPU.Build.0 = Debug|Any CPU
		{83693425-186A-4C7F-BD8F-09A1D4CB9D16}.Debug|x64.ActiveCfg = Debug|Any CPU
		{83693425-186A-4C7F-BD8F-09A1D4CB9D16}.Debug|x64.Build.0 = Debug|Any CPU
		{83693425-186A-4C7F-BD8F-09A1D4CB9D16}.Debug|x86.ActiveCfg = Debug|Any CPU
		{83693425-186A-4C7F-BD8F-09A1D4CB9D16}.Debug|x86.Build.0 = Debug|Any CPU
		{83693425-186A-4C7F-BD8F-09A1D4CB9D16}.Release|Any CPU.ActiveCfg = Release|Any CPU
		{83693425-186A-4C7F-BD8F-09A1D4CB9D16}.Release|Any CPU.Build.0 = Release|Any CPU
		{83693425-186A-4C7F-BD8F-09A1D4CB9D16}.Release|x64.ActiveCfg = Release|Any CPU
		{83693425-186A-4C7F-BD8F-09A1D4CB9D16}.Release|x64.Build.0 = Release|Any CPU
		{83693425-186A-4C7F-BD8F-09A1D4CB9D16}.Release|x86.ActiveCfg = Release|Any CPU
		{83693425-186A-4C7F-BD8F-09A1D4CB9D16}.Release|x86.Build.0 = Release|Any CPU
		{7D97CCE5-BD13-43D2-A268-8073C0C6EEF4}.Debug|Any CPU.ActiveCfg = Debug|Any CPU
		{7D97CCE5-BD13-43D2-A268-8073C0C6EEF4}.Debug|Any CPU.Build.0 = Debug|Any CPU
		{7D97CCE5-BD13-43D2-A268-8073C0C6EEF4}.Debug|x64.ActiveCfg = Debug|Any CPU
		{7D97CCE5-BD13-43D2-A268-8073C0C6EEF4}.Debug|x64.Build.0 = Debug|Any CPU
		{7D97CCE5-BD13-43D2-A268-8073C0C6EEF4}.Debug|x86.ActiveCfg = Debug|Any CPU
		{7D97CCE5-BD13-43D2-A268-8073C0C6EEF4}.Debug|x86.Build.0 = Debug|Any CPU
		{7D97CCE5-BD13-43D2-A268-8073C0C6EEF4}.Release|Any CPU.ActiveCfg = Release|Any CPU
		{7D97CCE5-BD13-43D2-A268-8073C0C6EEF4}.Release|Any CPU.Build.0 = Release|Any CPU
		{7D97CCE5-BD13-43D2-A268-8073C0C6EEF4}.Release|x64.ActiveCfg = Release|Any CPU
		{7D97CCE5-BD13-43D2-A268-8073C0C6EEF4}.Release|x64.Build.0 = Release|Any CPU
		{7D97CCE5-BD13-43D2-A268-8073C0C6EEF4}.Release|x86.ActiveCfg = Release|Any CPU
		{7D97CCE5-BD13-43D2-A268-8073C0C6EEF4}.Release|x86.Build.0 = Release|Any CPU
		{6EE4CBE3-29F1-4BD6-A079-012007ABFB04}.Debug|Any CPU.ActiveCfg = Debug|Any CPU
		{6EE4CBE3-29F1-4BD6-A079-012007ABFB04}.Debug|Any CPU.Build.0 = Debug|Any CPU
		{6EE4CBE3-29F1-4BD6-A079-012007ABFB04}.Debug|x64.ActiveCfg = Debug|Any CPU
		{6EE4CBE3-29F1-4BD6-A079-012007ABFB04}.Debug|x64.Build.0 = Debug|Any CPU
		{6EE4CBE3-29F1-4BD6-A079-012007ABFB04}.Debug|x86.ActiveCfg = Debug|Any CPU
		{6EE4CBE3-29F1-4BD6-A079-012007ABFB04}.Debug|x86.Build.0 = Debug|Any CPU
		{6EE4CBE3-29F1-4BD6-A079-012007ABFB04}.Release|Any CPU.ActiveCfg = Release|Any CPU
		{6EE4CBE3-29F1-4BD6-A079-012007ABFB04}.Release|Any CPU.Build.0 = Release|Any CPU
		{6EE4CBE3-29F1-4BD6-A079-012007ABFB04}.Release|x64.ActiveCfg = Release|Any CPU
		{6EE4CBE3-29F1-4BD6-A079-012007ABFB04}.Release|x64.Build.0 = Release|Any CPU
		{6EE4CBE3-29F1-4BD6-A079-012007ABFB04}.Release|x86.ActiveCfg = Release|Any CPU
		{6EE4CBE3-29F1-4BD6-A079-012007ABFB04}.Release|x86.Build.0 = Release|Any CPU
		{123D51E5-B23C-4B2A-BF4F-D0B5883C55C2}.Debug|Any CPU.ActiveCfg = Debug|Any CPU
		{123D51E5-B23C-4B2A-BF4F-D0B5883C55C2}.Debug|Any CPU.Build.0 = Debug|Any CPU
		{123D51E5-B23C-4B2A-BF4F-D0B5883C55C2}.Debug|x64.ActiveCfg = Debug|Any CPU
		{123D51E5-B23C-4B2A-BF4F-D0B5883C55C2}.Debug|x64.Build.0 = Debug|Any CPU
		{123D51E5-B23C-4B2A-BF4F-D0B5883C55C2}.Debug|x86.ActiveCfg = Debug|Any CPU
		{123D51E5-B23C-4B2A-BF4F-D0B5883C55C2}.Debug|x86.Build.0 = Debug|Any CPU
		{123D51E5-B23C-4B2A-BF4F-D0B5883C55C2}.Release|Any CPU.ActiveCfg = Release|Any CPU
		{123D51E5-B23C-4B2A-BF4F-D0B5883C55C2}.Release|Any CPU.Build.0 = Release|Any CPU
		{123D51E5-B23C-4B2A-BF4F-D0B5883C55C2}.Release|x64.ActiveCfg = Release|Any CPU
		{123D51E5-B23C-4B2A-BF4F-D0B5883C55C2}.Release|x64.Build.0 = Release|Any CPU
		{123D51E5-B23C-4B2A-BF4F-D0B5883C55C2}.Release|x86.ActiveCfg = Release|Any CPU
		{123D51E5-B23C-4B2A-BF4F-D0B5883C55C2}.Release|x86.Build.0 = Release|Any CPU
		{2E0E96AA-2E26-4567-8129-AC7FE5589F18}.Debug|Any CPU.ActiveCfg = Debug|Any CPU
		{2E0E96AA-2E26-4567-8129-AC7FE5589F18}.Debug|Any CPU.Build.0 = Debug|Any CPU
		{2E0E96AA-2E26-4567-8129-AC7FE5589F18}.Debug|x64.ActiveCfg = Debug|Any CPU
		{2E0E96AA-2E26-4567-8129-AC7FE5589F18}.Debug|x64.Build.0 = Debug|Any CPU
		{2E0E96AA-2E26-4567-8129-AC7FE5589F18}.Debug|x86.ActiveCfg = Debug|Any CPU
		{2E0E96AA-2E26-4567-8129-AC7FE5589F18}.Debug|x86.Build.0 = Debug|Any CPU
		{2E0E96AA-2E26-4567-8129-AC7FE5589F18}.Release|Any CPU.ActiveCfg = Release|Any CPU
		{2E0E96AA-2E26-4567-8129-AC7FE5589F18}.Release|Any CPU.Build.0 = Release|Any CPU
		{2E0E96AA-2E26-4567-8129-AC7FE5589F18}.Release|x64.ActiveCfg = Release|Any CPU
		{2E0E96AA-2E26-4567-8129-AC7FE5589F18}.Release|x64.Build.0 = Release|Any CPU
		{2E0E96AA-2E26-4567-8129-AC7FE5589F18}.Release|x86.ActiveCfg = Release|Any CPU
		{2E0E96AA-2E26-4567-8129-AC7FE5589F18}.Release|x86.Build.0 = Release|Any CPU
		{4667FEED-04FC-433A-B48C-98D2C175B888}.Debug|Any CPU.ActiveCfg = Debug|Any CPU
		{4667FEED-04FC-433A-B48C-98D2C175B888}.Debug|Any CPU.Build.0 = Debug|Any CPU
		{4667FEED-04FC-433A-B48C-98D2C175B888}.Debug|x64.ActiveCfg = Debug|Any CPU
		{4667FEED-04FC-433A-B48C-98D2C175B888}.Debug|x64.Build.0 = Debug|Any CPU
		{4667FEED-04FC-433A-B48C-98D2C175B888}.Debug|x86.ActiveCfg = Debug|Any CPU
		{4667FEED-04FC-433A-B48C-98D2C175B888}.Debug|x86.Build.0 = Debug|Any CPU
		{4667FEED-04FC-433A-B48C-98D2C175B888}.Release|Any CPU.ActiveCfg = Release|Any CPU
		{4667FEED-04FC-433A-B48C-98D2C175B888}.Release|Any CPU.Build.0 = Release|Any CPU
		{4667FEED-04FC-433A-B48C-98D2C175B888}.Release|x64.ActiveCfg = Release|Any CPU
		{4667FEED-04FC-433A-B48C-98D2C175B888}.Release|x64.Build.0 = Release|Any CPU
		{4667FEED-04FC-433A-B48C-98D2C175B888}.Release|x86.ActiveCfg = Release|Any CPU
		{4667FEED-04FC-433A-B48C-98D2C175B888}.Release|x86.Build.0 = Release|Any CPU
		{75BA2D7F-61ED-4874-9FB6-B9E1905A2729}.Debug|Any CPU.ActiveCfg = Debug|Any CPU
		{75BA2D7F-61ED-4874-9FB6-B9E1905A2729}.Debug|Any CPU.Build.0 = Debug|Any CPU
		{75BA2D7F-61ED-4874-9FB6-B9E1905A2729}.Debug|x64.ActiveCfg = Debug|Any CPU
		{75BA2D7F-61ED-4874-9FB6-B9E1905A2729}.Debug|x64.Build.0 = Debug|Any CPU
		{75BA2D7F-61ED-4874-9FB6-B9E1905A2729}.Debug|x86.ActiveCfg = Debug|Any CPU
		{75BA2D7F-61ED-4874-9FB6-B9E1905A2729}.Debug|x86.Build.0 = Debug|Any CPU
		{75BA2D7F-61ED-4874-9FB6-B9E1905A2729}.Release|Any CPU.ActiveCfg = Release|Any CPU
		{75BA2D7F-61ED-4874-9FB6-B9E1905A2729}.Release|Any CPU.Build.0 = Release|Any CPU
		{75BA2D7F-61ED-4874-9FB6-B9E1905A2729}.Release|x64.ActiveCfg = Release|Any CPU
		{75BA2D7F-61ED-4874-9FB6-B9E1905A2729}.Release|x64.Build.0 = Release|Any CPU
		{75BA2D7F-61ED-4874-9FB6-B9E1905A2729}.Release|x86.ActiveCfg = Release|Any CPU
		{75BA2D7F-61ED-4874-9FB6-B9E1905A2729}.Release|x86.Build.0 = Release|Any CPU
	EndGlobalSection
	GlobalSection(SolutionProperties) = preSolution
		HideSolutionNode = FALSE
	EndGlobalSection
	GlobalSection(NestedProjects) = preSolution
		{CC3B6967-3516-4AE4-A3CF-6236A790D6A2} = {E76E64BE-F55C-4225-AD50-B85894D96A35}
		{A5D3284C-BB44-4690-93A0-581CD2C9B80F} = {D421B6B8-9114-49FB-8661-A2ADDF2BB72A}
		{66031CDB-7075-49AC-9998-E7A8F11647D5} = {E76E64BE-F55C-4225-AD50-B85894D96A35}
		{F0160071-8C31-4B06-A983-3CC66AAADECA} = {D421B6B8-9114-49FB-8661-A2ADDF2BB72A}
		{62E0952A-3602-43EA-AADE-A18A40249F33} = {D421B6B8-9114-49FB-8661-A2ADDF2BB72A}
		{659C79B2-68B1-40CC-B0EE-CBD49EFCF96B} = {D421B6B8-9114-49FB-8661-A2ADDF2BB72A}
		{83693425-186A-4C7F-BD8F-09A1D4CB9D16} = {E76E64BE-F55C-4225-AD50-B85894D96A35}
		{7D97CCE5-BD13-43D2-A268-8073C0C6EEF4} = {E76E64BE-F55C-4225-AD50-B85894D96A35}
		{123D51E5-B23C-4B2A-BF4F-D0B5883C55C2} = {6F1E30CC-E8AF-41E7-B281-3346D52CCA0F}
		{2E0E96AA-2E26-4567-8129-AC7FE5589F18} = {6F1E30CC-E8AF-41E7-B281-3346D52CCA0F}
		{4667FEED-04FC-433A-B48C-98D2C175B888} = {6F1E30CC-E8AF-41E7-B281-3346D52CCA0F}
		{75BA2D7F-61ED-4874-9FB6-B9E1905A2729} = {6F1E30CC-E8AF-41E7-B281-3346D52CCA0F}
	EndGlobalSection
	GlobalSection(ExtensibilityGlobals) = postSolution
		SolutionGuid = {91A525EB-E6A4-4027-A831-B89AB1FB36A2}
	EndGlobalSection
EndGlobal
